
Microsoft Visual Studio Solution File, Format Version 12.00
# Visual Studio Version 17
VisualStudioVersion = 17.9.34701.34
MinimumVisualStudioVersion = 10.0.40219.1
Project("{8BC9CEB8-8B4A-11D0-8D11-00A0C91BC942}") = "01_格式化输出", "01_格式化输出\01_格式化输出.vcxproj", "{5D6CADFC-EB00-47DB-8921-C7F5D3701377}"
EndProject
Project("{8BC9CEB8-8B4A-11D0-8D11-00A0C91BC942}") = "02_getchar函数", "02_getchar函数\02_getchar函数.vcxproj", "{033166A0-F27B-41C0-9EE5-3DD74357C207}"
EndProject
Project("{8BC9CEB8-8B4A-11D0-8D11-00A0C91BC942}") = "03_加减乘除运算符", "03_加减乘除运算符\03_加减乘除运算符.vcxproj", "{B7236435-0580-41A2-99C2-B58088A2A45C}"
EndProject
Project("{8BC9CEB8-8B4A-11D0-8D11-00A0C91BC942}") = "04_数组-冒泡排序", "04_数组-冒泡排序\04_数组-冒泡排序.vcxproj", "{79AD45D5-1E3D-4A9F-9C85-30AED4763041}"
EndProject
Project("{8BC9CEB8-8B4A-11D0-8D11-00A0C91BC942}") = "05_scanf输入字符串", "05_scanf输入字符串\05_scanf输入字符串.vcxproj", "{3AAF96EE-E1B4-41E4-ABCE-67BE7A4817F1}"
EndProject
Project("{8BC9CEB8-8B4A-11D0-8D11-00A0C91BC942}") = "06_字符数组的输出", "06_字符数组的输出\06_字符数组的输出.vcxproj", "{B936FC2E-4899-4243-AEA1-D3AA052005D9}"
EndProject
Project("{8BC9CEB8-8B4A-11D0-8D11-00A0C91BC942}") = "07_猜数字", "07_猜数字\07_猜数字.vcxproj", "{2AF871CA-58FC-4FF7-B048-5A124F7A9178}"
EndProject
Project("{8BC9CEB8-8B4A-11D0-8D11-00A0C91BC942}") = "08_查找子串", "08_查找子串\08_查找子串.vcxproj", "{EC525279-F2B4-4495-B25A-4FDE965C7557}"
EndProject
Project("{8BC9CEB8-8B4A-11D0-8D11-00A0C91BC942}") = "09_二级指针练习_文件读写", "09_二级指针练习_文件读写\09_二级指针练习_文件读写.vcxproj", "{CB05C2AE-7FF8-49C0-884E-852677DFA517}"
EndProject
Project("{8BC9CEB8-8B4A-11D0-8D11-00A0C91BC942}") = "10_数组指针定义", "10_数组指针定义\10_数组指针定义.vcxproj", "{215A7BE0-6F50-414D-8236-EFD01E352B58}"
EndProject
Project("{8BC9CEB8-8B4A-11D0-8D11-00A0C91BC942}") = "11_二维数组_数组指针", "11_二维数组_数组指针\11_二维数组_数组指针.vcxproj", "{7B163754-C0E2-4A7C-A0F4-6AFC9C70FA9F}"
EndProject
Project("{8BC9CEB8-8B4A-11D0-8D11-00A0C91BC942}") = "12_选择排序算法", "12_选择排序算法\12_选择排序算法.vcxproj", "{0555F5F2-538C-4EAD-A247-708A00B69E8D}"
EndProject
Project("{8BC9CEB8-8B4A-11D0-8D11-00A0C91BC942}") = "13_指针数组_选择排序", "13_指针数组_选择排序\13_指针数组_选择排序.vcxproj", "{51D6217F-C4CB-4355-ABF7-5652888B8B59}"
EndProject
Project("{8BC9CEB8-8B4A-11D0-8D11-00A0C91BC942}") = "14_结构体", "14_结构体\14_结构体.vcxproj", "{6F49D987-2831-47B2-B6E5-96C8C0A34CB5}"
EndProject
Project("{8BC9CEB8-8B4A-11D0-8D11-00A0C91BC942}") = "15_结构体嵌套一级指针练习", "15_结构体嵌套一级指针练习\15_结构体嵌套一级指针练习.vcxproj", "{53035356-08AD-47E8-9B8F-BAB5E125BE34}"
EndProject
Project("{8BC9CEB8-8B4A-11D0-8D11-00A0C91BC942}") = "16_结构体嵌套二级指针", "16_结构体嵌套二级指针\16_结构体嵌套二级指针.vcxproj", "{217E26E0-212E-4455-84D2-A7698C422894}"
EndProject
Project("{8BC9CEB8-8B4A-11D0-8D11-00A0C91BC942}") = "17_sprintf_组包函数", "17_sprintf_组包函数\17_sprintf_组包函数.vcxproj", "{5AA3A9C4-3671-46C1-B777-DBFF42661A88}"
EndProject
Project("{8BC9CEB8-8B4A-11D0-8D11-00A0C91BC942}") = "18_sscanf_拆包函数", "18_sscanf_拆包函数\18_sscanf_拆包函数.vcxproj", "{9D41DC98-CD39-4A9C-AFB3-477F639D82BD}"
EndProject
Project("{8BC9CEB8-8B4A-11D0-8D11-00A0C91BC942}") = "19_strchr_strstr_函数", "19_strchr_strstr_函数\19_strchr_strstr_函数.vcxproj", "{30F2F43D-A0F8-44E4-A478-385F9A2CD78E}"
EndProject
Project("{8BC9CEB8-8B4A-11D0-8D11-00A0C91BC942}") = "20_strtok_切割函数", "20_strtok_切割函数\20_strtok_切割函数.vcxproj", "{88204433-DE49-4672-939A-164C91AA44EE}"
EndProject
Project("{8BC9CEB8-8B4A-11D0-8D11-00A0C91BC942}") = "21_atoi_将字符转整型", "21_atoi_将字符转整型\21_atoi_将字符转整型.vcxproj", "{9C5D023C-D0FA-46C8-8E53-962FC8EC6C5F}"
EndProject
Project("{8BC9CEB8-8B4A-11D0-8D11-00A0C91BC942}") = "22_字符串处理案例", "22_字符串处理案例\22_字符串处理案例.vcxproj", "{9B85E3BE-D1CF-462E-B32A-C44085965607}"
EndProject
Project("{8BC9CEB8-8B4A-11D0-8D11-00A0C91BC942}") = "23_两头堵模型", "23_两头堵模型\23_两头堵模型.vcxproj", "{AD7F0D2F-BEE1-42FA-81B4-763512E21812}"
EndProject
Project("{8BC9CEB8-8B4A-11D0-8D11-00A0C91BC942}") = "24_字符串反转案例", "24_字符串反转案例\24_字符串反转案例.vcxproj", "{7A35B796-4502-4D5A-91E8-1044613891E7}"
EndProject
Project("{8BC9CEB8-8B4A-11D0-8D11-00A0C91BC942}") = "25_malloc函数", "25_malloc函数\25_malloc函数.vcxproj", "{96CB8CEE-0A0E-4315-B622-7921F5E65B2B}"
EndProject
Project("{8BC9CEB8-8B4A-11D0-8D11-00A0C91BC942}") = "26_struct", "26_struct\26_struct.vcxproj", "{4EF5FDA0-6BF4-4894-BC67-09C75AC4170F}"
EndProject
Project("{8BC9CEB8-8B4A-11D0-8D11-00A0C91BC942}") = "27_联合体union_判断大小端", "27_联合体union_判断大小端\27_联合体union_判断大小端.vcxproj", "{1664D88F-1B97-4189-8978-DB339E178886}"
EndProject
Project("{8BC9CEB8-8B4A-11D0-8D11-00A0C91BC942}") = "28_fopen打开文件", "28_fopen打开文件\28_fopen打开文件.vcxproj", "{34F0B8EC-F517-4BA6-9A31-639B826B4D99}"
EndProject
Project("{8BC9CEB8-8B4A-11D0-8D11-00A0C91BC942}") = "29_fputc_fgetc_按照字符读取和写入文件", "29_fputc_fgetc_按照字符读取和写入文件\29_fputc_fgetc_按照字符读取和写入文件.vcxproj", "{FB12F26E-AAA0-4323-8ED3-150D7156F61C}"
EndProject
Project("{8BC9CEB8-8B4A-11D0-8D11-00A0C91BC942}") = "30_判断文件是否读取到末尾", "30_判断文件是否读取到末尾\30_判断文件是否读取到末尾.vcxproj", "{DEE1180D-0D15-4C5A-BC1C-4B76E2DA2581}"
EndProject
Project("{8BC9CEB8-8B4A-11D0-8D11-00A0C91BC942}") = "31_cp案例", "31_cp案例\31_cp案例.vcxproj", "{AA73C417-575C-4FD9-A4E5-BB7DDF5EAB4C}"
EndProject
Project("{8BC9CEB8-8B4A-11D0-8D11-00A0C91BC942}") = "32_cp案例二_二进制文件拷贝", "32_cp案例二_二进制文件拷贝\32_cp案例二_二进制文件拷贝.vcxproj", "{BD05E0EC-88E5-47D5-9A09-1665E31D5A60}"
EndProject
Project("{8BC9CEB8-8B4A-11D0-8D11-00A0C91BC942}") = "33_cat案例", "33_cat案例\33_cat案例.vcxproj", "{6223614B-7EDF-4660-BCD3-68FB868B0D4C}"
EndProject
Project("{8BC9CEB8-8B4A-11D0-8D11-00A0C91BC942}") = "34_fputs-fgets函数", "34_fputs-fgets函数\34_fputs-fgets函数.vcxproj", "{1A33336D-8051-4F4E-9DBF-C86C5C389873}"
EndProject
Project("{8BC9CEB8-8B4A-11D0-8D11-00A0C91BC942}") = "35_fprintf_函数", "35_fprintf_函数\35_fprintf_函数.vcxproj", "{8D1FA9DF-D06F-4408-8A1B-EF57587C93B8}"
EndProject
Project("{8BC9CEB8-8B4A-11D0-8D11-00A0C91BC942}") = "36_fscanf_函数", "36_fscanf_函数\36_fscanf_函数.vcxproj", "{DC9745EE-5DD2-45EC-9BEC-9D255CBAAC79}"
EndProject
Project("{8BC9CEB8-8B4A-11D0-8D11-00A0C91BC942}") = "37_fread_fwrite", "37_fread_fwrite\37_fread_fwrite.vcxproj", "{AD7F3EC1-1ADF-4252-AE0F-12225754E188}"
EndProject
Project("{8BC9CEB8-8B4A-11D0-8D11-00A0C91BC942}") = "38_fseek_rewind_ftell", "38_fseek_rewind_ftell\38_fseek_rewind_ftell.vcxproj", "{D211C6C8-526D-423B-9EE7-C7A72BB77983}"
EndProject
Project("{8BC9CEB8-8B4A-11D0-8D11-00A0C91BC942}") = "39_获取文件状态信息", "39_获取文件状态信息\39_获取文件状态信息.vcxproj", "{DB4D3A18-42F8-434F-982B-437F65A17325}"
EndProject
Project("{8BC9CEB8-8B4A-11D0-8D11-00A0C91BC942}") = "40_快易通", "40_快易通\40_快易通.vcxproj", "{D3A942B0-703F-4787-AA14-3C781BC921E5}"
EndProject
Global
	GlobalSection(SolutionConfigurationPlatforms) = preSolution
		Debug|x64 = Debug|x64
		Debug|x86 = Debug|x86
		Release|x64 = Release|x64
		Release|x86 = Release|x86
	EndGlobalSection
	GlobalSection(ProjectConfigurationPlatforms) = postSolution
		{5D6CADFC-EB00-47DB-8921-C7F5D3701377}.Debug|x64.ActiveCfg = Debug|x64
		{5D6CADFC-EB00-47DB-8921-C7F5D3701377}.Debug|x64.Build.0 = Debug|x64
		{5D6CADFC-EB00-47DB-8921-C7F5D3701377}.Debug|x86.ActiveCfg = Debug|Win32
		{5D6CADFC-EB00-47DB-8921-C7F5D3701377}.Debug|x86.Build.0 = Debug|Win32
		{5D6CADFC-EB00-47DB-8921-C7F5D3701377}.Release|x64.ActiveCfg = Release|x64
		{5D6CADFC-EB00-47DB-8921-C7F5D3701377}.Release|x64.Build.0 = Release|x64
		{5D6CADFC-EB00-47DB-8921-C7F5D3701377}.Release|x86.ActiveCfg = Release|Win32
		{5D6CADFC-EB00-47DB-8921-C7F5D3701377}.Release|x86.Build.0 = Release|Win32
		{033166A0-F27B-41C0-9EE5-3DD74357C207}.Debug|x64.ActiveCfg = Debug|x64
		{033166A0-F27B-41C0-9EE5-3DD74357C207}.Debug|x64.Build.0 = Debug|x64
		{033166A0-F27B-41C0-9EE5-3DD74357C207}.Debug|x86.ActiveCfg = Debug|Win32
		{033166A0-F27B-41C0-9EE5-3DD74357C207}.Debug|x86.Build.0 = Debug|Win32
		{033166A0-F27B-41C0-9EE5-3DD74357C207}.Release|x64.ActiveCfg = Release|x64
		{033166A0-F27B-41C0-9EE5-3DD74357C207}.Release|x64.Build.0 = Release|x64
		{033166A0-F27B-41C0-9EE5-3DD74357C207}.Release|x86.ActiveCfg = Release|Win32
		{033166A0-F27B-41C0-9EE5-3DD74357C207}.Release|x86.Build.0 = Release|Win32
		{B7236435-0580-41A2-99C2-B58088A2A45C}.Debug|x64.ActiveCfg = Debug|x64
		{B7236435-0580-41A2-99C2-B58088A2A45C}.Debug|x64.Build.0 = Debug|x64
		{B7236435-0580-41A2-99C2-B58088A2A45C}.Debug|x86.ActiveCfg = Debug|Win32
		{B7236435-0580-41A2-99C2-B58088A2A45C}.Debug|x86.Build.0 = Debug|Win32
		{B7236435-0580-41A2-99C2-B58088A2A45C}.Release|x64.ActiveCfg = Release|x64
		{B7236435-0580-41A2-99C2-B58088A2A45C}.Release|x64.Build.0 = Release|x64
		{B7236435-0580-41A2-99C2-B58088A2A45C}.Release|x86.ActiveCfg = Release|Win32
		{B7236435-0580-41A2-99C2-B58088A2A45C}.Release|x86.Build.0 = Release|Win32
		{79AD45D5-1E3D-4A9F-9C85-30AED4763041}.Debug|x64.ActiveCfg = Debug|x64
		{79AD45D5-1E3D-4A9F-9C85-30AED4763041}.Debug|x64.Build.0 = Debug|x64
		{79AD45D5-1E3D-4A9F-9C85-30AED4763041}.Debug|x86.ActiveCfg = Debug|Win32
		{79AD45D5-1E3D-4A9F-9C85-30AED4763041}.Debug|x86.Build.0 = Debug|Win32
		{79AD45D5-1E3D-4A9F-9C85-30AED4763041}.Release|x64.ActiveCfg = Release|x64
		{79AD45D5-1E3D-4A9F-9C85-30AED4763041}.Release|x64.Build.0 = Release|x64
		{79AD45D5-1E3D-4A9F-9C85-30AED4763041}.Release|x86.ActiveCfg = Release|Win32
		{79AD45D5-1E3D-4A9F-9C85-30AED4763041}.Release|x86.Build.0 = Release|Win32
		{3AAF96EE-E1B4-41E4-ABCE-67BE7A4817F1}.Debug|x64.ActiveCfg = Debug|x64
		{3AAF96EE-E1B4-41E4-ABCE-67BE7A4817F1}.Debug|x64.Build.0 = Debug|x64
		{3AAF96EE-E1B4-41E4-ABCE-67BE7A4817F1}.Debug|x86.ActiveCfg = Debug|Win32
		{3AAF96EE-E1B4-41E4-ABCE-67BE7A4817F1}.Debug|x86.Build.0 = Debug|Win32
		{3AAF96EE-E1B4-41E4-ABCE-67BE7A4817F1}.Release|x64.ActiveCfg = Release|x64
		{3AAF96EE-E1B4-41E4-ABCE-67BE7A4817F1}.Release|x64.Build.0 = Release|x64
		{3AAF96EE-E1B4-41E4-ABCE-67BE7A4817F1}.Release|x86.ActiveCfg = Release|Win32
		{3AAF96EE-E1B4-41E4-ABCE-67BE7A4817F1}.Release|x86.Build.0 = Release|Win32
		{B936FC2E-4899-4243-AEA1-D3AA052005D9}.Debug|x64.ActiveCfg = Debug|x64
		{B936FC2E-4899-4243-AEA1-D3AA052005D9}.Debug|x64.Build.0 = Debug|x64
		{B936FC2E-4899-4243-AEA1-D3AA052005D9}.Debug|x86.ActiveCfg = Debug|Win32
		{B936FC2E-4899-4243-AEA1-D3AA052005D9}.Debug|x86.Build.0 = Debug|Win32
		{B936FC2E-4899-4243-AEA1-D3AA052005D9}.Release|x64.ActiveCfg = Release|x64
		{B936FC2E-4899-4243-AEA1-D3AA052005D9}.Release|x64.Build.0 = Release|x64
		{B936FC2E-4899-4243-AEA1-D3AA052005D9}.Release|x86.ActiveCfg = Release|Win32
		{B936FC2E-4899-4243-AEA1-D3AA052005D9}.Release|x86.Build.0 = Release|Win32
		{2AF871CA-58FC-4FF7-B048-5A124F7A9178}.Debug|x64.ActiveCfg = Debug|x64
		{2AF871CA-58FC-4FF7-B048-5A124F7A9178}.Debug|x64.Build.0 = Debug|x64
		{2AF871CA-58FC-4FF7-B048-5A124F7A9178}.Debug|x86.ActiveCfg = Debug|Win32
		{2AF871CA-58FC-4FF7-B048-5A124F7A9178}.Debug|x86.Build.0 = Debug|Win32
		{2AF871CA-58FC-4FF7-B048-5A124F7A9178}.Release|x64.ActiveCfg = Release|x64
		{2AF871CA-58FC-4FF7-B048-5A124F7A9178}.Release|x64.Build.0 = Release|x64
		{2AF871CA-58FC-4FF7-B048-5A124F7A9178}.Release|x86.ActiveCfg = Release|Win32
		{2AF871CA-58FC-4FF7-B048-5A124F7A9178}.Release|x86.Build.0 = Release|Win32
		{EC525279-F2B4-4495-B25A-4FDE965C7557}.Debug|x64.ActiveCfg = Debug|x64
		{EC525279-F2B4-4495-B25A-4FDE965C7557}.Debug|x64.Build.0 = Debug|x64
		{EC525279-F2B4-4495-B25A-4FDE965C7557}.Debug|x86.ActiveCfg = Debug|Win32
		{EC525279-F2B4-4495-B25A-4FDE965C7557}.Debug|x86.Build.0 = Debug|Win32
		{EC525279-F2B4-4495-B25A-4FDE965C7557}.Release|x64.ActiveCfg = Release|x64
		{EC525279-F2B4-4495-B25A-4FDE965C7557}.Release|x64.Build.0 = Release|x64
		{EC525279-F2B4-4495-B25A-4FDE965C7557}.Release|x86.ActiveCfg = Release|Win32
		{EC525279-F2B4-4495-B25A-4FDE965C7557}.Release|x86.Build.0 = Release|Win32
		{CB05C2AE-7FF8-49C0-884E-852677DFA517}.Debug|x64.ActiveCfg = Debug|x64
		{CB05C2AE-7FF8-49C0-884E-852677DFA517}.Debug|x64.Build.0 = Debug|x64
		{CB05C2AE-7FF8-49C0-884E-852677DFA517}.Debug|x86.ActiveCfg = Debug|Win32
		{CB05C2AE-7FF8-49C0-884E-852677DFA517}.Debug|x86.Build.0 = Debug|Win32
		{CB05C2AE-7FF8-49C0-884E-852677DFA517}.Release|x64.ActiveCfg = Release|x64
		{CB05C2AE-7FF8-49C0-884E-852677DFA517}.Release|x64.Build.0 = Release|x64
		{CB05C2AE-7FF8-49C0-884E-852677DFA517}.Release|x86.ActiveCfg = Release|Win32
		{CB05C2AE-7FF8-49C0-884E-852677DFA517}.Release|x86.Build.0 = Release|Win32
		{215A7BE0-6F50-414D-8236-EFD01E352B58}.Debug|x64.ActiveCfg = Debug|x64
		{215A7BE0-6F50-414D-8236-EFD01E352B58}.Debug|x64.Build.0 = Debug|x64
		{215A7BE0-6F50-414D-8236-EFD01E352B58}.Debug|x86.ActiveCfg = Debug|Win32
		{215A7BE0-6F50-414D-8236-EFD01E352B58}.Debug|x86.Build.0 = Debug|Win32
		{215A7BE0-6F50-414D-8236-EFD01E352B58}.Release|x64.ActiveCfg = Release|x64
		{215A7BE0-6F50-414D-8236-EFD01E352B58}.Release|x64.Build.0 = Release|x64
		{215A7BE0-6F50-414D-8236-EFD01E352B58}.Release|x86.ActiveCfg = Release|Win32
		{215A7BE0-6F50-414D-8236-EFD01E352B58}.Release|x86.Build.0 = Release|Win32
		{7B163754-C0E2-4A7C-A0F4-6AFC9C70FA9F}.Debug|x64.ActiveCfg = Debug|x64
		{7B163754-C0E2-4A7C-A0F4-6AFC9C70FA9F}.Debug|x64.Build.0 = Debug|x64
		{7B163754-C0E2-4A7C-A0F4-6AFC9C70FA9F}.Debug|x86.ActiveCfg = Debug|Win32
		{7B163754-C0E2-4A7C-A0F4-6AFC9C70FA9F}.Debug|x86.Build.0 = Debug|Win32
		{7B163754-C0E2-4A7C-A0F4-6AFC9C70FA9F}.Release|x64.ActiveCfg = Release|x64
		{7B163754-C0E2-4A7C-A0F4-6AFC9C70FA9F}.Release|x64.Build.0 = Release|x64
		{7B163754-C0E2-4A7C-A0F4-6AFC9C70FA9F}.Release|x86.ActiveCfg = Release|Win32
		{7B163754-C0E2-4A7C-A0F4-6AFC9C70FA9F}.Release|x86.Build.0 = Release|Win32
		{0555F5F2-538C-4EAD-A247-708A00B69E8D}.Debug|x64.ActiveCfg = Debug|x64
		{0555F5F2-538C-4EAD-A247-708A00B69E8D}.Debug|x64.Build.0 = Debug|x64
		{0555F5F2-538C-4EAD-A247-708A00B69E8D}.Debug|x86.ActiveCfg = Debug|Win32
		{0555F5F2-538C-4EAD-A247-708A00B69E8D}.Debug|x86.Build.0 = Debug|Win32
		{0555F5F2-538C-4EAD-A247-708A00B69E8D}.Release|x64.ActiveCfg = Release|x64
		{0555F5F2-538C-4EAD-A247-708A00B69E8D}.Release|x64.Build.0 = Release|x64
		{0555F5F2-538C-4EAD-A247-708A00B69E8D}.Release|x86.ActiveCfg = Release|Win32
		{0555F5F2-538C-4EAD-A247-708A00B69E8D}.Release|x86.Build.0 = Release|Win32
		{51D6217F-C4CB-4355-ABF7-5652888B8B59}.Debug|x64.ActiveCfg = Debug|x64
		{51D6217F-C4CB-4355-ABF7-5652888B8B59}.Debug|x64.Build.0 = Debug|x64
		{51D6217F-C4CB-4355-ABF7-5652888B8B59}.Debug|x86.ActiveCfg = Debug|Win32
		{51D6217F-C4CB-4355-ABF7-5652888B8B59}.Debug|x86.Build.0 = Debug|Win32
		{51D6217F-C4CB-4355-ABF7-5652888B8B59}.Release|x64.ActiveCfg = Release|x64
		{51D6217F-C4CB-4355-ABF7-5652888B8B59}.Release|x64.Build.0 = Release|x64
		{51D6217F-C4CB-4355-ABF7-5652888B8B59}.Release|x86.ActiveCfg = Release|Win32
		{51D6217F-C4CB-4355-ABF7-5652888B8B59}.Release|x86.Build.0 = Release|Win32
		{6F49D987-2831-47B2-B6E5-96C8C0A34CB5}.Debug|x64.ActiveCfg = Debug|x64
		{6F49D987-2831-47B2-B6E5-96C8C0A34CB5}.Debug|x64.Build.0 = Debug|x64
		{6F49D987-2831-47B2-B6E5-96C8C0A34CB5}.Debug|x86.ActiveCfg = Debug|Win32
		{6F49D987-2831-47B2-B6E5-96C8C0A34CB5}.Debug|x86.Build.0 = Debug|Win32
		{6F49D987-2831-47B2-B6E5-96C8C0A34CB5}.Release|x64.ActiveCfg = Release|x64
		{6F49D987-2831-47B2-B6E5-96C8C0A34CB5}.Release|x64.Build.0 = Release|x64
		{6F49D987-2831-47B2-B6E5-96C8C0A34CB5}.Release|x86.ActiveCfg = Release|Win32
		{6F49D987-2831-47B2-B6E5-96C8C0A34CB5}.Release|x86.Build.0 = Release|Win32
		{53035356-08AD-47E8-9B8F-BAB5E125BE34}.Debug|x64.ActiveCfg = Debug|x64
		{53035356-08AD-47E8-9B8F-BAB5E125BE34}.Debug|x64.Build.0 = Debug|x64
		{53035356-08AD-47E8-9B8F-BAB5E125BE34}.Debug|x86.ActiveCfg = Debug|Win32
		{53035356-08AD-47E8-9B8F-BAB5E125BE34}.Debug|x86.Build.0 = Debug|Win32
		{53035356-08AD-47E8-9B8F-BAB5E125BE34}.Release|x64.ActiveCfg = Release|x64
		{53035356-08AD-47E8-9B8F-BAB5E125BE34}.Release|x64.Build.0 = Release|x64
		{53035356-08AD-47E8-9B8F-BAB5E125BE34}.Release|x86.ActiveCfg = Release|Win32
		{53035356-08AD-47E8-9B8F-BAB5E125BE34}.Release|x86.Build.0 = Release|Win32
		{217E26E0-212E-4455-84D2-A7698C422894}.Debug|x64.ActiveCfg = Debug|x64
		{217E26E0-212E-4455-84D2-A7698C422894}.Debug|x64.Build.0 = Debug|x64
		{217E26E0-212E-4455-84D2-A7698C422894}.Debug|x86.ActiveCfg = Debug|Win32
		{217E26E0-212E-4455-84D2-A7698C422894}.Debug|x86.Build.0 = Debug|Win32
		{217E26E0-212E-4455-84D2-A7698C422894}.Release|x64.ActiveCfg = Release|x64
		{217E26E0-212E-4455-84D2-A7698C422894}.Release|x64.Build.0 = Release|x64
		{217E26E0-212E-4455-84D2-A7698C422894}.Release|x86.ActiveCfg = Release|Win32
		{217E26E0-212E-4455-84D2-A7698C422894}.Release|x86.Build.0 = Release|Win32
		{5AA3A9C4-3671-46C1-B777-DBFF42661A88}.Debug|x64.ActiveCfg = Debug|x64
		{5AA3A9C4-3671-46C1-B777-DBFF42661A88}.Debug|x64.Build.0 = Debug|x64
		{5AA3A9C4-3671-46C1-B777-DBFF42661A88}.Debug|x86.ActiveCfg = Debug|Win32
		{5AA3A9C4-3671-46C1-B777-DBFF42661A88}.Debug|x86.Build.0 = Debug|Win32
		{5AA3A9C4-3671-46C1-B777-DBFF42661A88}.Release|x64.ActiveCfg = Release|x64
		{5AA3A9C4-3671-46C1-B777-DBFF42661A88}.Release|x64.Build.0 = Release|x64
		{5AA3A9C4-3671-46C1-B777-DBFF42661A88}.Release|x86.ActiveCfg = Release|Win32
		{5AA3A9C4-3671-46C1-B777-DBFF42661A88}.Release|x86.Build.0 = Release|Win32
		{9D41DC98-CD39-4A9C-AFB3-477F639D82BD}.Debug|x64.ActiveCfg = Debug|x64
		{9D41DC98-CD39-4A9C-AFB3-477F639D82BD}.Debug|x64.Build.0 = Debug|x64
		{9D41DC98-CD39-4A9C-AFB3-477F639D82BD}.Debug|x86.ActiveCfg = Debug|Win32
		{9D41DC98-CD39-4A9C-AFB3-477F639D82BD}.Debug|x86.Build.0 = Debug|Win32
		{9D41DC98-CD39-4A9C-AFB3-477F639D82BD}.Release|x64.ActiveCfg = Release|x64
		{9D41DC98-CD39-4A9C-AFB3-477F639D82BD}.Release|x64.Build.0 = Release|x64
		{9D41DC98-CD39-4A9C-AFB3-477F639D82BD}.Release|x86.ActiveCfg = Release|Win32
		{9D41DC98-CD39-4A9C-AFB3-477F639D82BD}.Release|x86.Build.0 = Release|Win32
		{30F2F43D-A0F8-44E4-A478-385F9A2CD78E}.Debug|x64.ActiveCfg = Debug|x64
		{30F2F43D-A0F8-44E4-A478-385F9A2CD78E}.Debug|x64.Build.0 = Debug|x64
		{30F2F43D-A0F8-44E4-A478-385F9A2CD78E}.Debug|x86.ActiveCfg = Debug|Win32
		{30F2F43D-A0F8-44E4-A478-385F9A2CD78E}.Debug|x86.Build.0 = Debug|Win32
		{30F2F43D-A0F8-44E4-A478-385F9A2CD78E}.Release|x64.ActiveCfg = Release|x64
		{30F2F43D-A0F8-44E4-A478-385F9A2CD78E}.Release|x64.Build.0 = Release|x64
		{30F2F43D-A0F8-44E4-A478-385F9A2CD78E}.Release|x86.ActiveCfg = Release|Win32
		{30F2F43D-A0F8-44E4-A478-385F9A2CD78E}.Release|x86.Build.0 = Release|Win32
		{88204433-DE49-4672-939A-164C91AA44EE}.Debug|x64.ActiveCfg = Debug|x64
		{88204433-DE49-4672-939A-164C91AA44EE}.Debug|x64.Build.0 = Debug|x64
		{88204433-DE49-4672-939A-164C91AA44EE}.Debug|x86.ActiveCfg = Debug|Win32
		{88204433-DE49-4672-939A-164C91AA44EE}.Debug|x86.Build.0 = Debug|Win32
		{88204433-DE49-4672-939A-164C91AA44EE}.Release|x64.ActiveCfg = Release|x64
		{88204433-DE49-4672-939A-164C91AA44EE}.Release|x64.Build.0 = Release|x64
		{88204433-DE49-4672-939A-164C91AA44EE}.Release|x86.ActiveCfg = Release|Win32
		{88204433-DE49-4672-939A-164C91AA44EE}.Release|x86.Build.0 = Release|Win32
		{9C5D023C-D0FA-46C8-8E53-962FC8EC6C5F}.Debug|x64.ActiveCfg = Debug|x64
		{9C5D023C-D0FA-46C8-8E53-962FC8EC6C5F}.Debug|x64.Build.0 = Debug|x64
		{9C5D023C-D0FA-46C8-8E53-962FC8EC6C5F}.Debug|x86.ActiveCfg = Debug|Win32
		{9C5D023C-D0FA-46C8-8E53-962FC8EC6C5F}.Debug|x86.Build.0 = Debug|Win32
		{9C5D023C-D0FA-46C8-8E53-962FC8EC6C5F}.Release|x64.ActiveCfg = Release|x64
		{9C5D023C-D0FA-46C8-8E53-962FC8EC6C5F}.Release|x64.Build.0 = Release|x64
		{9C5D023C-D0FA-46C8-8E53-962FC8EC6C5F}.Release|x86.ActiveCfg = Release|Win32
		{9C5D023C-D0FA-46C8-8E53-962FC8EC6C5F}.Release|x86.Build.0 = Release|Win32
		{9B85E3BE-D1CF-462E-B32A-C44085965607}.Debug|x64.ActiveCfg = Debug|x64
		{9B85E3BE-D1CF-462E-B32A-C44085965607}.Debug|x64.Build.0 = Debug|x64
		{9B85E3BE-D1CF-462E-B32A-C44085965607}.Debug|x86.ActiveCfg = Debug|Win32
		{9B85E3BE-D1CF-462E-B32A-C44085965607}.Debug|x86.Build.0 = Debug|Win32
		{9B85E3BE-D1CF-462E-B32A-C44085965607}.Release|x64.ActiveCfg = Release|x64
		{9B85E3BE-D1CF-462E-B32A-C44085965607}.Release|x64.Build.0 = Release|x64
		{9B85E3BE-D1CF-462E-B32A-C44085965607}.Release|x86.ActiveCfg = Release|Win32
		{9B85E3BE-D1CF-462E-B32A-C44085965607}.Release|x86.Build.0 = Release|Win32
		{AD7F0D2F-BEE1-42FA-81B4-763512E21812}.Debug|x64.ActiveCfg = Debug|x64
		{AD7F0D2F-BEE1-42FA-81B4-763512E21812}.Debug|x64.Build.0 = Debug|x64
		{AD7F0D2F-BEE1-42FA-81B4-763512E21812}.Debug|x86.ActiveCfg = Debug|Win32
		{AD7F0D2F-BEE1-42FA-81B4-763512E21812}.Debug|x86.Build.0 = Debug|Win32
		{AD7F0D2F-BEE1-42FA-81B4-763512E21812}.Release|x64.ActiveCfg = Release|x64
		{AD7F0D2F-BEE1-42FA-81B4-763512E21812}.Release|x64.Build.0 = Release|x64
		{AD7F0D2F-BEE1-42FA-81B4-763512E21812}.Release|x86.ActiveCfg = Release|Win32
		{AD7F0D2F-BEE1-42FA-81B4-763512E21812}.Release|x86.Build.0 = Release|Win32
		{7A35B796-4502-4D5A-91E8-1044613891E7}.Debug|x64.ActiveCfg = Debug|x64
		{7A35B796-4502-4D5A-91E8-1044613891E7}.Debug|x64.Build.0 = Debug|x64
		{7A35B796-4502-4D5A-91E8-1044613891E7}.Debug|x86.ActiveCfg = Debug|Win32
		{7A35B796-4502-4D5A-91E8-1044613891E7}.Debug|x86.Build.0 = Debug|Win32
		{7A35B796-4502-4D5A-91E8-1044613891E7}.Release|x64.ActiveCfg = Release|x64
		{7A35B796-4502-4D5A-91E8-1044613891E7}.Release|x64.Build.0 = Release|x64
		{7A35B796-4502-4D5A-91E8-1044613891E7}.Release|x86.ActiveCfg = Release|Win32
		{7A35B796-4502-4D5A-91E8-1044613891E7}.Release|x86.Build.0 = Release|Win32
		{96CB8CEE-0A0E-4315-B622-7921F5E65B2B}.Debug|x64.ActiveCfg = Debug|x64
		{96CB8CEE-0A0E-4315-B622-7921F5E65B2B}.Debug|x64.Build.0 = Debug|x64
		{96CB8CEE-0A0E-4315-B622-7921F5E65B2B}.Debug|x86.ActiveCfg = Debug|Win32
		{96CB8CEE-0A0E-4315-B622-7921F5E65B2B}.Debug|x86.Build.0 = Debug|Win32
		{96CB8CEE-0A0E-4315-B622-7921F5E65B2B}.Release|x64.ActiveCfg = Release|x64
		{96CB8CEE-0A0E-4315-B622-7921F5E65B2B}.Release|x64.Build.0 = Release|x64
		{96CB8CEE-0A0E-4315-B622-7921F5E65B2B}.Release|x86.ActiveCfg = Release|Win32
		{96CB8CEE-0A0E-4315-B622-7921F5E65B2B}.Release|x86.Build.0 = Release|Win32
		{4EF5FDA0-6BF4-4894-BC67-09C75AC4170F}.Debug|x64.ActiveCfg = Debug|x64
		{4EF5FDA0-6BF4-4894-BC67-09C75AC4170F}.Debug|x64.Build.0 = Debug|x64
		{4EF5FDA0-6BF4-4894-BC67-09C75AC4170F}.Debug|x86.ActiveCfg = Debug|Win32
		{4EF5FDA0-6BF4-4894-BC67-09C75AC4170F}.Debug|x86.Build.0 = Debug|Win32
		{4EF5FDA0-6BF4-4894-BC67-09C75AC4170F}.Release|x64.ActiveCfg = Release|x64
		{4EF5FDA0-6BF4-4894-BC67-09C75AC4170F}.Release|x64.Build.0 = Release|x64
		{4EF5FDA0-6BF4-4894-BC67-09C75AC4170F}.Release|x86.ActiveCfg = Release|Win32
		{4EF5FDA0-6BF4-4894-BC67-09C75AC4170F}.Release|x86.Build.0 = Release|Win32
		{1664D88F-1B97-4189-8978-DB339E178886}.Debug|x64.ActiveCfg = Debug|x64
		{1664D88F-1B97-4189-8978-DB339E178886}.Debug|x64.Build.0 = Debug|x64
		{1664D88F-1B97-4189-8978-DB339E178886}.Debug|x86.ActiveCfg = Debug|Win32
		{1664D88F-1B97-4189-8978-DB339E178886}.Debug|x86.Build.0 = Debug|Win32
		{1664D88F-1B97-4189-8978-DB339E178886}.Release|x64.ActiveCfg = Release|x64
		{1664D88F-1B97-4189-8978-DB339E178886}.Release|x64.Build.0 = Release|x64
		{1664D88F-1B97-4189-8978-DB339E178886}.Release|x86.ActiveCfg = Release|Win32
		{1664D88F-1B97-4189-8978-DB339E178886}.Release|x86.Build.0 = Release|Win32
		{34F0B8EC-F517-4BA6-9A31-639B826B4D99}.Debug|x64.ActiveCfg = Debug|x64
		{34F0B8EC-F517-4BA6-9A31-639B826B4D99}.Debug|x64.Build.0 = Debug|x64
		{34F0B8EC-F517-4BA6-9A31-639B826B4D99}.Debug|x86.ActiveCfg = Debug|Win32
		{34F0B8EC-F517-4BA6-9A31-639B826B4D99}.Debug|x86.Build.0 = Debug|Win32
		{34F0B8EC-F517-4BA6-9A31-639B826B4D99}.Release|x64.ActiveCfg = Release|x64
		{34F0B8EC-F517-4BA6-9A31-639B826B4D99}.Release|x64.Build.0 = Release|x64
		{34F0B8EC-F517-4BA6-9A31-639B826B4D99}.Release|x86.ActiveCfg = Release|Win32
		{34F0B8EC-F517-4BA6-9A31-639B826B4D99}.Release|x86.Build.0 = Release|Win32
		{FB12F26E-AAA0-4323-8ED3-150D7156F61C}.Debug|x64.ActiveCfg = Debug|x64
		{FB12F26E-AAA0-4323-8ED3-150D7156F61C}.Debug|x64.Build.0 = Debug|x64
		{FB12F26E-AAA0-4323-8ED3-150D7156F61C}.Debug|x86.ActiveCfg = Debug|Win32
		{FB12F26E-AAA0-4323-8ED3-150D7156F61C}.Debug|x86.Build.0 = Debug|Win32
		{FB12F26E-AAA0-4323-8ED3-150D7156F61C}.Release|x64.ActiveCfg = Release|x64
		{FB12F26E-AAA0-4323-8ED3-150D7156F61C}.Release|x64.Build.0 = Release|x64
		{FB12F26E-AAA0-4323-8ED3-150D7156F61C}.Release|x86.ActiveCfg = Release|Win32
		{FB12F26E-AAA0-4323-8ED3-150D7156F61C}.Release|x86.Build.0 = Release|Win32
		{DEE1180D-0D15-4C5A-BC1C-4B76E2DA2581}.Debug|x64.ActiveCfg = Debug|x64
		{DEE1180D-0D15-4C5A-BC1C-4B76E2DA2581}.Debug|x64.Build.0 = Debug|x64
		{DEE1180D-0D15-4C5A-BC1C-4B76E2DA2581}.Debug|x86.ActiveCfg = Debug|Win32
		{DEE1180D-0D15-4C5A-BC1C-4B76E2DA2581}.Debug|x86.Build.0 = Debug|Win32
		{DEE1180D-0D15-4C5A-BC1C-4B76E2DA2581}.Release|x64.ActiveCfg = Release|x64
		{DEE1180D-0D15-4C5A-BC1C-4B76E2DA2581}.Release|x64.Build.0 = Release|x64
		{DEE1180D-0D15-4C5A-BC1C-4B76E2DA2581}.Release|x86.ActiveCfg = Release|Win32
		{DEE1180D-0D15-4C5A-BC1C-4B76E2DA2581}.Release|x86.Build.0 = Release|Win32
		{AA73C417-575C-4FD9-A4E5-BB7DDF5EAB4C}.Debug|x64.ActiveCfg = Debug|x64
		{AA73C417-575C-4FD9-A4E5-BB7DDF5EAB4C}.Debug|x64.Build.0 = Debug|x64
		{AA73C417-575C-4FD9-A4E5-BB7DDF5EAB4C}.Debug|x86.ActiveCfg = Debug|Win32
		{AA73C417-575C-4FD9-A4E5-BB7DDF5EAB4C}.Debug|x86.Build.0 = Debug|Win32
		{AA73C417-575C-4FD9-A4E5-BB7DDF5EAB4C}.Release|x64.ActiveCfg = Release|x64
		{AA73C417-575C-4FD9-A4E5-BB7DDF5EAB4C}.Release|x64.Build.0 = Release|x64
		{AA73C417-575C-4FD9-A4E5-BB7DDF5EAB4C}.Release|x86.ActiveCfg = Release|Win32
		{AA73C417-575C-4FD9-A4E5-BB7DDF5EAB4C}.Release|x86.Build.0 = Release|Win32
		{BD05E0EC-88E5-47D5-9A09-1665E31D5A60}.Debug|x64.ActiveCfg = Debug|x64
		{BD05E0EC-88E5-47D5-9A09-1665E31D5A60}.Debug|x64.Build.0 = Debug|x64
		{BD05E0EC-88E5-47D5-9A09-1665E31D5A60}.Debug|x86.ActiveCfg = Debug|Win32
		{BD05E0EC-88E5-47D5-9A09-1665E31D5A60}.Debug|x86.Build.0 = Debug|Win32
		{BD05E0EC-88E5-47D5-9A09-1665E31D5A60}.Release|x64.ActiveCfg = Release|x64
		{BD05E0EC-88E5-47D5-9A09-1665E31D5A60}.Release|x64.Build.0 = Release|x64
		{BD05E0EC-88E5-47D5-9A09-1665E31D5A60}.Release|x86.ActiveCfg = Release|Win32
		{BD05E0EC-88E5-47D5-9A09-1665E31D5A60}.Release|x86.Build.0 = Release|Win32
		{6223614B-7EDF-4660-BCD3-68FB868B0D4C}.Debug|x64.ActiveCfg = Debug|x64
		{6223614B-7EDF-4660-BCD3-68FB868B0D4C}.Debug|x64.Build.0 = Debug|x64
		{6223614B-7EDF-4660-BCD3-68FB868B0D4C}.Debug|x86.ActiveCfg = Debug|Win32
		{6223614B-7EDF-4660-BCD3-68FB868B0D4C}.Debug|x86.Build.0 = Debug|Win32
		{6223614B-7EDF-4660-BCD3-68FB868B0D4C}.Release|x64.ActiveCfg = Release|x64
		{6223614B-7EDF-4660-BCD3-68FB868B0D4C}.Release|x64.Build.0 = Release|x64
		{6223614B-7EDF-4660-BCD3-68FB868B0D4C}.Release|x86.ActiveCfg = Release|Win32
		{6223614B-7EDF-4660-BCD3-68FB868B0D4C}.Release|x86.Build.0 = Release|Win32
		{1A33336D-8051-4F4E-9DBF-C86C5C389873}.Debug|x64.ActiveCfg = Debug|x64
		{1A33336D-8051-4F4E-9DBF-C86C5C389873}.Debug|x64.Build.0 = Debug|x64
		{1A33336D-8051-4F4E-9DBF-C86C5C389873}.Debug|x86.ActiveCfg = Debug|Win32
		{1A33336D-8051-4F4E-9DBF-C86C5C389873}.Debug|x86.Build.0 = Debug|Win32
		{1A33336D-8051-4F4E-9DBF-C86C5C389873}.Release|x64.ActiveCfg = Release|x64
		{1A33336D-8051-4F4E-9DBF-C86C5C389873}.Release|x64.Build.0 = Release|x64
		{1A33336D-8051-4F4E-9DBF-C86C5C389873}.Release|x86.ActiveCfg = Release|Win32
		{1A33336D-8051-4F4E-9DBF-C86C5C389873}.Release|x86.Build.0 = Release|Win32
		{8D1FA9DF-D06F-4408-8A1B-EF57587C93B8}.Debug|x64.ActiveCfg = Debug|x64
		{8D1FA9DF-D06F-4408-8A1B-EF57587C93B8}.Debug|x64.Build.0 = Debug|x64
		{8D1FA9DF-D06F-4408-8A1B-EF57587C93B8}.Debug|x86.ActiveCfg = Debug|Win32
		{8D1FA9DF-D06F-4408-8A1B-EF57587C93B8}.Debug|x86.Build.0 = Debug|Win32
		{8D1FA9DF-D06F-4408-8A1B-EF57587C93B8}.Release|x64.ActiveCfg = Release|x64
		{8D1FA9DF-D06F-4408-8A1B-EF57587C93B8}.Release|x64.Build.0 = Release|x64
		{8D1FA9DF-D06F-4408-8A1B-EF57587C93B8}.Release|x86.ActiveCfg = Release|Win32
		{8D1FA9DF-D06F-4408-8A1B-EF57587C93B8}.Release|x86.Build.0 = Release|Win32
		{DC9745EE-5DD2-45EC-9BEC-9D255CBAAC79}.Debug|x64.ActiveCfg = Debug|x64
		{DC9745EE-5DD2-45EC-9BEC-9D255CBAAC79}.Debug|x64.Build.0 = Debug|x64
		{DC9745EE-5DD2-45EC-9BEC-9D255CBAAC79}.Debug|x86.ActiveCfg = Debug|Win32
		{DC9745EE-5DD2-45EC-9BEC-9D255CBAAC79}.Debug|x86.Build.0 = Debug|Win32
		{DC9745EE-5DD2-45EC-9BEC-9D255CBAAC79}.Release|x64.ActiveCfg = Release|x64
		{DC9745EE-5DD2-45EC-9BEC-9D255CBAAC79}.Release|x64.Build.0 = Release|x64
		{DC9745EE-5DD2-45EC-9BEC-9D255CBAAC79}.Release|x86.ActiveCfg = Release|Win32
		{DC9745EE-5DD2-45EC-9BEC-9D255CBAAC79}.Release|x86.Build.0 = Release|Win32
		{AD7F3EC1-1ADF-4252-AE0F-12225754E188}.Debug|x64.ActiveCfg = Debug|x64
		{AD7F3EC1-1ADF-4252-AE0F-12225754E188}.Debug|x64.Build.0 = Debug|x64
		{AD7F3EC1-1ADF-4252-AE0F-12225754E188}.Debug|x86.ActiveCfg = Debug|Win32
		{AD7F3EC1-1ADF-4252-AE0F-12225754E188}.Debug|x86.Build.0 = Debug|Win32
		{AD7F3EC1-1ADF-4252-AE0F-12225754E188}.Release|x64.ActiveCfg = Release|x64
		{AD7F3EC1-1ADF-4252-AE0F-12225754E188}.Release|x64.Build.0 = Release|x64
		{AD7F3EC1-1ADF-4252-AE0F-12225754E188}.Release|x86.ActiveCfg = Release|Win32
		{AD7F3EC1-1ADF-4252-AE0F-12225754E188}.Release|x86.Build.0 = Release|Win32
		{D211C6C8-526D-423B-9EE7-C7A72BB77983}.Debug|x64.ActiveCfg = Debug|x64
		{D211C6C8-526D-423B-9EE7-C7A72BB77983}.Debug|x64.Build.0 = Debug|x64
		{D211C6C8-526D-423B-9EE7-C7A72BB77983}.Debug|x86.ActiveCfg = Debug|Win32
		{D211C6C8-526D-423B-9EE7-C7A72BB77983}.Debug|x86.Build.0 = Debug|Win32
		{D211C6C8-526D-423B-9EE7-C7A72BB77983}.Release|x64.ActiveCfg = Release|x64
		{D211C6C8-526D-423B-9EE7-C7A72BB77983}.Release|x64.Build.0 = Release|x64
		{D211C6C8-526D-423B-9EE7-C7A72BB77983}.Release|x86.ActiveCfg = Release|Win32
		{D211C6C8-526D-423B-9EE7-C7A72BB77983}.Release|x86.Build.0 = Release|Win32
		{DB4D3A18-42F8-434F-982B-437F65A17325}.Debug|x64.ActiveCfg = Debug|x64
		{DB4D3A18-42F8-434F-982B-437F65A17325}.Debug|x64.Build.0 = Debug|x64
		{DB4D3A18-42F8-434F-982B-437F65A17325}.Debug|x86.ActiveCfg = Debug|Win32
		{DB4D3A18-42F8-434F-982B-437F65A17325}.Debug|x86.Build.0 = Debug|Win32
		{DB4D3A18-42F8-434F-982B-437F65A17325}.Release|x64.ActiveCfg = Release|x64
		{DB4D3A18-42F8-434F-982B-437F65A17325}.Release|x64.Build.0 = Release|x64
		{DB4D3A18-42F8-434F-982B-437F65A17325}.Release|x86.ActiveCfg = Release|Win32
		{DB4D3A18-42F8-434F-982B-437F65A17325}.Release|x86.Build.0 = Release|Win32
		{D3A942B0-703F-4787-AA14-3C781BC921E5}.Debug|x64.ActiveCfg = Debug|x64
		{D3A942B0-703F-4787-AA14-3C781BC921E5}.Debug|x64.Build.0 = Debug|x64
		{D3A942B0-703F-4787-AA14-3C781BC921E5}.Debug|x86.ActiveCfg = Debug|Win32
		{D3A942B0-703F-4787-AA14-3C781BC921E5}.Debug|x86.Build.0 = Debug|Win32
		{D3A942B0-703F-4787-AA14-3C781BC921E5}.Release|x64.ActiveCfg = Release|x64
		{D3A942B0-703F-4787-AA14-3C781BC921E5}.Release|x64.Build.0 = Release|x64
		{D3A942B0-703F-4787-AA14-3C781BC921E5}.Release|x86.ActiveCfg = Release|Win32
		{D3A942B0-703F-4787-AA14-3C781BC921E5}.Release|x86.Build.0 = Release|Win32
	EndGlobalSection
	GlobalSection(SolutionProperties) = preSolution
		HideSolutionNode = FALSE
	EndGlobalSection
	GlobalSection(ExtensibilityGlobals) = postSolution
		SolutionGuid = {53674BC9-9A20-4E14-B97E-2A25265F9A76}
	EndGlobalSection
EndGlobal
